// !$*UTF8*$!
{
	archiveVersion = 1;
	classes = {
	};
	objectVersion = 55;
	objects = {

/* Begin PBXBuildFile section */
		41FEDC7D4D5FAE8BF3C66A5E /* Pods_Armageddon.framework in Frameworks */ = {isa = PBXBuildFile; fileRef = 3A1D481999562F50BA79803D /* Pods_Armageddon.framework */; };
		BB770DE2280EF66E002F20C4 /* NetworkService.swift in Sources */ = {isa = PBXBuildFile; fileRef = BB770DE1280EF66E002F20C4 /* NetworkService.swift */; };
		BB770DE6280EF92C002F20C4 /* JsonResponse.swift in Sources */ = {isa = PBXBuildFile; fileRef = BB770DE5280EF92C002F20C4 /* JsonResponse.swift */; };
		BB770DE828100369002F20C4 /* AsteroidInformation.swift in Sources */ = {isa = PBXBuildFile; fileRef = BB770DE728100369002F20C4 /* AsteroidInformation.swift */; };
		BB770DEA2811498E002F20C4 /* FilterController.swift in Sources */ = {isa = PBXBuildFile; fileRef = BB770DE92811498E002F20C4 /* FilterController.swift */; };
		BB770DEC28115352002F20C4 /* FilterForm.swift in Sources */ = {isa = PBXBuildFile; fileRef = BB770DEB28115352002F20C4 /* FilterForm.swift */; };
		BB770DEE281179F0002F20C4 /* SFProText-Regular.ttf in Resources */ = {isa = PBXBuildFile; fileRef = BB770DED281179F0002F20C4 /* SFProText-Regular.ttf */; };
		BB8AA91928118EC700CCE42F /* SFProText-Semibold.ttf in Resources */ = {isa = PBXBuildFile; fileRef = BB8AA91828118EC700CCE42F /* SFProText-Semibold.ttf */; };
		BB8AA91D2811972800CCE42F /* FilterInformation.swift in Sources */ = {isa = PBXBuildFile; fileRef = BB8AA91C2811972800CCE42F /* FilterInformation.swift */; };
		BB8AA92128132F4000CCE42F /* SelectedAsteroidController.swift in Sources */ = {isa = PBXBuildFile; fileRef = BB8AA92028132F4000CCE42F /* SelectedAsteroidController.swift */; };
		BB8AA9232813367A00CCE42F /* SelectedAsteroidCell.swift in Sources */ = {isa = PBXBuildFile; fileRef = BB8AA9222813367A00CCE42F /* SelectedAsteroidCell.swift */; };
		BBA22071280C95E00015786F /* AppDelegate.swift in Sources */ = {isa = PBXBuildFile; fileRef = BBA22070280C95E00015786F /* AppDelegate.swift */; };
		BBA22073280C95E00015786F /* SceneDelegate.swift in Sources */ = {isa = PBXBuildFile; fileRef = BBA22072280C95E00015786F /* SceneDelegate.swift */; };
		BBA22075280C95E00015786F /* ViewController.swift in Sources */ = {isa = PBXBuildFile; fileRef = BBA22074280C95E00015786F /* ViewController.swift */; };
		BBA22078280C95E00015786F /* Main.storyboard in Resources */ = {isa = PBXBuildFile; fileRef = BBA22076280C95E00015786F /* Main.storyboard */; };
		BBA2207A280C95E30015786F /* Assets.xcassets in Resources */ = {isa = PBXBuildFile; fileRef = BBA22079280C95E30015786F /* Assets.xcassets */; };
		BBA2207D280C95E30015786F /* LaunchScreen.storyboard in Resources */ = {isa = PBXBuildFile; fileRef = BBA2207B280C95E30015786F /* LaunchScreen.storyboard */; };
		BBA2208A280D45690015786F /* ArmageddonController.swift in Sources */ = {isa = PBXBuildFile; fileRef = BBA22089280D45690015786F /* ArmageddonController.swift */; };
		BBA2208C280D477F0015786F /* ArmageddonCell.swift in Sources */ = {isa = PBXBuildFile; fileRef = BBA2208B280D477F0015786F /* ArmageddonCell.swift */; };
		BBA2208E280D574D0015786F /* MainTabController.swift in Sources */ = {isa = PBXBuildFile; fileRef = BBA2208D280D574D0015786F /* MainTabController.swift */; };
		BBA22090280D5F020015786F /* DestructionViewController.swift in Sources */ = {isa = PBXBuildFile; fileRef = BBA2208F280D5F020015786F /* DestructionViewController.swift */; };
		BBA22093280D89420015786F /* Extensions.swift in Sources */ = {isa = PBXBuildFile; fileRef = BBA22092280D89420015786F /* Extensions.swift */; };
/* End PBXBuildFile section */

/* Begin PBXFileReference section */
		0486D8C1FC5431419B4F2377 /* Pods-Armageddon.release.xcconfig */ = {isa = PBXFileReference; includeInIndex = 1; lastKnownFileType = text.xcconfig; name = "Pods-Armageddon.release.xcconfig"; path = "Target Support Files/Pods-Armageddon/Pods-Armageddon.release.xcconfig"; sourceTree = "<group>"; };
		3A1D481999562F50BA79803D /* Pods_Armageddon.framework */ = {isa = PBXFileReference; explicitFileType = wrapper.framework; includeInIndex = 0; path = Pods_Armageddon.framework; sourceTree = BUILT_PRODUCTS_DIR; };
		AB2A143CA967CFB31A1718F4 /* Pods-Armageddon.debug.xcconfig */ = {isa = PBXFileReference; includeInIndex = 1; lastKnownFileType = text.xcconfig; name = "Pods-Armageddon.debug.xcconfig"; path = "Target Support Files/Pods-Armageddon/Pods-Armageddon.debug.xcconfig"; sourceTree = "<group>"; };
		BB770DE1280EF66E002F20C4 /* NetworkService.swift */ = {isa = PBXFileReference; lastKnownFileType = sourcecode.swift; path = NetworkService.swift; sourceTree = "<group>"; };
		BB770DE5280EF92C002F20C4 /* JsonResponse.swift */ = {isa = PBXFileReference; lastKnownFileType = sourcecode.swift; path = JsonResponse.swift; sourceTree = "<group>"; };
		BB770DE728100369002F20C4 /* AsteroidInformation.swift */ = {isa = PBXFileReference; lastKnownFileType = sourcecode.swift; path = AsteroidInformation.swift; sourceTree = "<group>"; };
		BB770DE92811498E002F20C4 /* FilterController.swift */ = {isa = PBXFileReference; lastKnownFileType = sourcecode.swift; path = FilterController.swift; sourceTree = "<group>"; };
		BB770DEB28115352002F20C4 /* FilterForm.swift */ = {isa = PBXFileReference; lastKnownFileType = sourcecode.swift; path = FilterForm.swift; sourceTree = "<group>"; };
		BB770DED281179F0002F20C4 /* SFProText-Regular.ttf */ = {isa = PBXFileReference; lastKnownFileType = file; path = "SFProText-Regular.ttf"; sourceTree = "<group>"; };
		BB8AA91828118EC700CCE42F /* SFProText-Semibold.ttf */ = {isa = PBXFileReference; lastKnownFileType = file; path = "SFProText-Semibold.ttf"; sourceTree = "<group>"; };
		BB8AA91C2811972800CCE42F /* FilterInformation.swift */ = {isa = PBXFileReference; lastKnownFileType = sourcecode.swift; path = FilterInformation.swift; sourceTree = "<group>"; };
		BB8AA92028132F4000CCE42F /* SelectedAsteroidController.swift */ = {isa = PBXFileReference; lastKnownFileType = sourcecode.swift; path = SelectedAsteroidController.swift; sourceTree = "<group>"; };
		BB8AA9222813367A00CCE42F /* SelectedAsteroidCell.swift */ = {isa = PBXFileReference; lastKnownFileType = sourcecode.swift; path = SelectedAsteroidCell.swift; sourceTree = "<group>"; };
		BBA2206D280C95E00015786F /* Armageddon.app */ = {isa = PBXFileReference; explicitFileType = wrapper.application; includeInIndex = 0; path = Armageddon.app; sourceTree = BUILT_PRODUCTS_DIR; };
		BBA22070280C95E00015786F /* AppDelegate.swift */ = {isa = PBXFileReference; lastKnownFileType = sourcecode.swift; path = AppDelegate.swift; sourceTree = "<group>"; };
		BBA22072280C95E00015786F /* SceneDelegate.swift */ = {isa = PBXFileReference; lastKnownFileType = sourcecode.swift; path = SceneDelegate.swift; sourceTree = "<group>"; };
		BBA22074280C95E00015786F /* ViewController.swift */ = {isa = PBXFileReference; lastKnownFileType = sourcecode.swift; path = ViewController.swift; sourceTree = "<group>"; };
		BBA22077280C95E00015786F /* Base */ = {isa = PBXFileReference; lastKnownFileType = file.storyboard; name = Base; path = Base.lproj/Main.storyboard; sourceTree = "<group>"; };
		BBA22079280C95E30015786F /* Assets.xcassets */ = {isa = PBXFileReference; lastKnownFileType = folder.assetcatalog; path = Assets.xcassets; sourceTree = "<group>"; };
		BBA2207C280C95E30015786F /* Base */ = {isa = PBXFileReference; lastKnownFileType = file.storyboard; name = Base; path = Base.lproj/LaunchScreen.storyboard; sourceTree = "<group>"; };
		BBA2207E280C95E30015786F /* Info.plist */ = {isa = PBXFileReference; lastKnownFileType = text.plist.xml; path = Info.plist; sourceTree = "<group>"; };
		BBA22089280D45690015786F /* ArmageddonController.swift */ = {isa = PBXFileReference; lastKnownFileType = sourcecode.swift; path = ArmageddonController.swift; sourceTree = "<group>"; };
		BBA2208B280D477F0015786F /* ArmageddonCell.swift */ = {isa = PBXFileReference; lastKnownFileType = sourcecode.swift; path = ArmageddonCell.swift; sourceTree = "<group>"; };
		BBA2208D280D574D0015786F /* MainTabController.swift */ = {isa = PBXFileReference; lastKnownFileType = sourcecode.swift; path = MainTabController.swift; sourceTree = "<group>"; };
		BBA2208F280D5F020015786F /* DestructionViewController.swift */ = {isa = PBXFileReference; lastKnownFileType = sourcecode.swift; path = DestructionViewController.swift; sourceTree = "<group>"; };
		BBA22092280D89420015786F /* Extensions.swift */ = {isa = PBXFileReference; lastKnownFileType = sourcecode.swift; path = Extensions.swift; sourceTree = "<group>"; };
/* End PBXFileReference section */

/* Begin PBXFrameworksBuildPhase section */
		BBA2206A280C95E00015786F /* Frameworks */ = {
			isa = PBXFrameworksBuildPhase;
			buildActionMask = 2147483647;
			files = (
				41FEDC7D4D5FAE8BF3C66A5E /* Pods_Armageddon.framework in Frameworks */,
			);
			runOnlyForDeploymentPostprocessing = 0;
		};
/* End PBXFrameworksBuildPhase section */

/* Begin PBXGroup section */
		BB770DDE280EE4DF002F20C4 /* Font */ = {
			isa = PBXGroup;
			children = (
				BB770DED281179F0002F20C4 /* SFProText-Regular.ttf */,
				BB8AA91828118EC700CCE42F /* SFProText-Semibold.ttf */,
			);
			path = Font;
			sourceTree = "<group>";
		};
		BBA22064280C95E00015786F = {
			isa = PBXGroup;
			children = (
				BBA2206F280C95E00015786F /* Armageddon */,
				BBA2206E280C95E00015786F /* Products */,
				D7090C2E0A91FF0D7B9A5715 /* Pods */,
				DE3331445B044FFC72BF4AA6 /* Frameworks */,
			);
			sourceTree = "<group>";
		};
		BBA2206E280C95E00015786F /* Products */ = {
			isa = PBXGroup;
			children = (
				BBA2206D280C95E00015786F /* Armageddon.app */,
			);
			name = Products;
			sourceTree = "<group>";
		};
		BBA2206F280C95E00015786F /* Armageddon */ = {
			isa = PBXGroup;
			children = (
				BBA22084280D44D50015786F /* Model */,
				BBA22086280D44E40015786F /* View */,
				BBA22087280D44E90015786F /* Controller */,
				BBA22088280D44F00015786F /* API */,
				BBA22091280D892E0015786F /* Utils */,
				BB770DDE280EE4DF002F20C4 /* Font */,
				BBA22070280C95E00015786F /* AppDelegate.swift */,
				BBA22072280C95E00015786F /* SceneDelegate.swift */,
				BBA22074280C95E00015786F /* ViewController.swift */,
				BBA22076280C95E00015786F /* Main.storyboard */,
				BBA22079280C95E30015786F /* Assets.xcassets */,
				BBA2207B280C95E30015786F /* LaunchScreen.storyboard */,
				BBA2207E280C95E30015786F /* Info.plist */,
			);
			path = Armageddon;
			sourceTree = "<group>";
		};
		BBA22084280D44D50015786F /* Model */ = {
			isa = PBXGroup;
			children = (
				BB770DE5280EF92C002F20C4 /* JsonResponse.swift */,
				BB770DE728100369002F20C4 /* AsteroidInformation.swift */,
				BB8AA91C2811972800CCE42F /* FilterInformation.swift */,
			);
			path = Model;
			sourceTree = "<group>";
		};
		BBA22086280D44E40015786F /* View */ = {
			isa = PBXGroup;
			children = (
				BBA2208B280D477F0015786F /* ArmageddonCell.swift */,
				BB770DEB28115352002F20C4 /* FilterForm.swift */,
				BB8AA9222813367A00CCE42F /* SelectedAsteroidCell.swift */,
			);
			path = View;
			sourceTree = "<group>";
		};
		BBA22087280D44E90015786F /* Controller */ = {
			isa = PBXGroup;
			children = (
				BBA22089280D45690015786F /* ArmageddonController.swift */,
				BBA2208F280D5F020015786F /* DestructionViewController.swift */,
				BBA2208D280D574D0015786F /* MainTabController.swift */,
				BB770DE92811498E002F20C4 /* FilterController.swift */,
				BB8AA92028132F4000CCE42F /* SelectedAsteroidController.swift */,
			);
			path = Controller;
			sourceTree = "<group>";
		};
		BBA22088280D44F00015786F /* API */ = {
			isa = PBXGroup;
			children = (
				BB770DE1280EF66E002F20C4 /* NetworkService.swift */,
			);
			path = API;
			sourceTree = "<group>";
		};
		BBA22091280D892E0015786F /* Utils */ = {
			isa = PBXGroup;
			children = (
				BBA22092280D89420015786F /* Extensions.swift */,
			);
			path = Utils;
			sourceTree = "<group>";
		};
		D7090C2E0A91FF0D7B9A5715 /* Pods */ = {
			isa = PBXGroup;
			children = (
				AB2A143CA967CFB31A1718F4 /* Pods-Armageddon.debug.xcconfig */,
				0486D8C1FC5431419B4F2377 /* Pods-Armageddon.release.xcconfig */,
			);
			path = Pods;
			sourceTree = "<group>";
		};
		DE3331445B044FFC72BF4AA6 /* Frameworks */ = {
			isa = PBXGroup;
			children = (
				3A1D481999562F50BA79803D /* Pods_Armageddon.framework */,
			);
			name = Frameworks;
			sourceTree = "<group>";
		};
/* End PBXGroup section */

/* Begin PBXNativeTarget section */
		BBA2206C280C95E00015786F /* Armageddon */ = {
			isa = PBXNativeTarget;
			buildConfigurationList = BBA22081280C95E30015786F /* Build configuration list for PBXNativeTarget "Armageddon" */;
			buildPhases = (
				7E5674E27D02BFCB33DF7588 /* [CP] Check Pods Manifest.lock */,
				BBA22069280C95E00015786F /* Sources */,
				BBA2206A280C95E00015786F /* Frameworks */,
				BBA2206B280C95E00015786F /* Resources */,
				11A583D1A4EF5664FF42055C /* [CP] Embed Pods Frameworks */,
			);
			buildRules = (
			);
			dependencies = (
			);
			name = Armageddon;
			productName = Armageddon;
			productReference = BBA2206D280C95E00015786F /* Armageddon.app */;
			productType = "com.apple.product-type.application";
		};
/* End PBXNativeTarget section */

/* Begin PBXProject section */
		BBA22065280C95E00015786F /* Project object */ = {
			isa = PBXProject;
			attributes = {
				BuildIndependentTargetsInParallel = 1;
				LastSwiftUpdateCheck = 1330;
				LastUpgradeCheck = 1330;
				TargetAttributes = {
					BBA2206C280C95E00015786F = {
						CreatedOnToolsVersion = 13.3;
					};
				};
			};
			buildConfigurationList = BBA22068280C95E00015786F /* Build configuration list for PBXProject "Armageddon" */;
			compatibilityVersion = "Xcode 13.0";
			developmentRegion = en;
			hasScannedForEncodings = 0;
			knownRegions = (
				en,
				Base,
			);
			mainGroup = BBA22064280C95E00015786F;
			productRefGroup = BBA2206E280C95E00015786F /* Products */;
			projectDirPath = "";
			projectRoot = "";
			targets = (
				BBA2206C280C95E00015786F /* Armageddon */,
			);
		};
/* End PBXProject section */

/* Begin PBXResourcesBuildPhase section */
		BBA2206B280C95E00015786F /* Resources */ = {
			isa = PBXResourcesBuildPhase;
			buildActionMask = 2147483647;
			files = (
				BBA2207D280C95E30015786F /* LaunchScreen.storyboard in Resources */,
				BBA2207A280C95E30015786F /* Assets.xcassets in Resources */,
				BB770DEE281179F0002F20C4 /* SFProText-Regular.ttf in Resources */,
				BB8AA91928118EC700CCE42F /* SFProText-Semibold.ttf in Resources */,
				BBA22078280C95E00015786F /* Main.storyboard in Resources */,
			);
			runOnlyForDeploymentPostprocessing = 0;
		};
/* End PBXResourcesBuildPhase section */

/* Begin PBXShellScriptBuildPhase section */
		11A583D1A4EF5664FF42055C /* [CP] Embed Pods Frameworks */ = {
			isa = PBXShellScriptBuildPhase;
			buildActionMask = 2147483647;
			files = (
			);
			inputFileListPaths = (
				"${PODS_ROOT}/Target Support Files/Pods-Armageddon/Pods-Armageddon-frameworks-${CONFIGURATION}-input-files.xcfilelist",
			);
			name = "[CP] Embed Pods Frameworks";
			outputFileListPaths = (
				"${PODS_ROOT}/Target Support Files/Pods-Armageddon/Pods-Armageddon-frameworks-${CONFIGURATION}-output-files.xcfilelist",
			);
			runOnlyForDeploymentPostprocessing = 0;
			shellPath = /bin/sh;
			shellScript = "\"${PODS_ROOT}/Target Support Files/Pods-Armageddon/Pods-Armageddon-frameworks.sh\"\n";
			showEnvVarsInLog = 0;
		};
		7E5674E27D02BFCB33DF7588 /* [CP] Check Pods Manifest.lock */ = {
			isa = PBXShellScriptBuildPhase;
			buildActionMask = 2147483647;
			files = (
			);
			inputFileListPaths = (
			);
			inputPaths = (
				"${PODS_PODFILE_DIR_PATH}/Podfile.lock",
				"${PODS_ROOT}/Manifest.lock",
			);
			name = "[CP] Check Pods Manifest.lock";
			outputFileListPaths = (
			);
			outputPaths = (
				"$(DERIVED_FILE_DIR)/Pods-Armageddon-checkManifestLockResult.txt",
			);
			runOnlyForDeploymentPostprocessing = 0;
			shellPath = /bin/sh;
			shellScript = "diff \"${PODS_PODFILE_DIR_PATH}/Podfile.lock\" \"${PODS_ROOT}/Manifest.lock\" > /dev/null\nif [ $? != 0 ] ; then\n    # print error to STDERR\n    echo \"error: The sandbox is not in sync with the Podfile.lock. Run 'pod install' or update your CocoaPods installation.\" >&2\n    exit 1\nfi\n# This output is used by Xcode 'outputs' to avoid re-running this script phase.\necho \"SUCCESS\" > \"${SCRIPT_OUTPUT_FILE_0}\"\n";
			showEnvVarsInLog = 0;
		};
/* End PBXShellScriptBuildPhase section */

/* Begin PBXSourcesBuildPhase section */
		BBA22069280C95E00015786F /* Sources */ = {
			isa = PBXSourcesBuildPhase;
			buildActionMask = 2147483647;
			files = (
				BBA22075280C95E00015786F /* ViewController.swift in Sources */,
				BBA2208A280D45690015786F /* ArmageddonController.swift in Sources */,
				BBA2208E280D574D0015786F /* MainTabController.swift in Sources */,
				BB770DEA2811498E002F20C4 /* FilterController.swift in Sources */,
				BB8AA92128132F4000CCE42F /* SelectedAsteroidController.swift in Sources */,
				BB8AA9232813367A00CCE42F /* SelectedAsteroidCell.swift in Sources */,
				BBA22093280D89420015786F /* Extensions.swift in Sources */,
				BB770DE828100369002F20C4 /* AsteroidInformation.swift in Sources */,
				BB8AA91D2811972800CCE42F /* FilterInformation.swift in Sources */,
				BB770DE2280EF66E002F20C4 /* NetworkService.swift in Sources */,
				BB770DEC28115352002F20C4 /* FilterForm.swift in Sources */,
				BB770DE6280EF92C002F20C4 /* JsonResponse.swift in Sources */,
				BBA22071280C95E00015786F /* AppDelegate.swift in Sources */,
				BBA22073280C95E00015786F /* SceneDelegate.swift in Sources */,
				BBA22090280D5F020015786F /* DestructionViewController.swift in Sources */,
				BBA2208C280D477F0015786F /* ArmageddonCell.swift in Sources */,
			);
			runOnlyForDeploymentPostprocessing = 0;
		};
/* End PBXSourcesBuildPhase section */

/* Begin PBXVariantGroup section */
		BBA22076280C95E00015786F /* Main.storyboard */ = {
			isa = PBXVariantGroup;
			children = (
				BBA22077280C95E00015786F /* Base */,
			);
			name = Main.storyboard;
			sourceTree = "<group>";
		};
		BBA2207B280C95E30015786F /* LaunchScreen.storyboard */ = {
			isa = PBXVariantGroup;
			children = (
				BBA2207C280C95E30015786F /* Base */,
			);
			name = LaunchScreen.storyboard;
			sourceTree = "<group>";
		};
/* End PBXVariantGroup section */

/* Begin XCBuildConfiguration section */
		BBA2207F280C95E30015786F /* Debug */ = {
			isa = XCBuildConfiguration;
			buildSettings = {
				ALWAYS_SEARCH_USER_PATHS = NO;
				CLANG_ANALYZER_NONNULL = YES;
				CLANG_ANALYZER_NUMBER_OBJECT_CONVERSION = YES_AGGRESSIVE;
				CLANG_CXX_LANGUAGE_STANDARD = "gnu++17";
				CLANG_ENABLE_MODULES = YES;
				CLANG_ENABLE_OBJC_ARC = YES;
				CLANG_ENABLE_OBJC_WEAK = YES;
				CLANG_WARN_BLOCK_CAPTURE_AUTORELEASING = YES;
				CLANG_WARN_BOOL_CONVERSION = YES;
				CLANG_WARN_COMMA = YES;
				CLANG_WARN_CONSTANT_CONVERSION = YES;
				CLANG_WARN_DEPRECATED_OBJC_IMPLEMENTATIONS = YES;
				CLANG_WARN_DIRECT_OBJC_ISA_USAGE = YES_ERROR;
				CLANG_WARN_DOCUMENTATION_COMMENTS = YES;
				CLANG_WARN_EMPTY_BODY = YES;
				CLANG_WARN_ENUM_CONVERSION = YES;
				CLANG_WARN_INFINITE_RECURSION = YES;
				CLANG_WARN_INT_CONVERSION = YES;
				CLANG_WARN_NON_LITERAL_NULL_CONVERSION = YES;
				CLANG_WARN_OBJC_IMPLICIT_RETAIN_SELF = YES;
				CLANG_WARN_OBJC_LITERAL_CONVERSION = YES;
				CLANG_WARN_OBJC_ROOT_CLASS = YES_ERROR;
				CLANG_WARN_QUOTED_INCLUDE_IN_FRAMEWORK_HEADER = YES;
				CLANG_WARN_RANGE_LOOP_ANALYSIS = YES;
				CLANG_WARN_STRICT_PROTOTYPES = YES;
				CLANG_WARN_SUSPICIOUS_MOVE = YES;
				CLANG_WARN_UNGUARDED_AVAILABILITY = YES_AGGRESSIVE;
				CLANG_WARN_UNREACHABLE_CODE = YES;
				CLANG_WARN__DUPLICATE_METHOD_MATCH = YES;
				COPY_PHASE_STRIP = NO;
				DEBUG_INFORMATION_FORMAT = dwarf;
				ENABLE_STRICT_OBJC_MSGSEND = YES;
				ENABLE_TESTABILITY = YES;
				GCC_C_LANGUAGE_STANDARD = gnu11;
				GCC_DYNAMIC_NO_PIC = NO;
				GCC_NO_COMMON_BLOCKS = YES;
				GCC_OPTIMIZATION_LEVEL = 0;
				GCC_PREPROCESSOR_DEFINITIONS = (
					"DEBUG=1",
					"$(inherited)",
				);
				GCC_WARN_64_TO_32_BIT_CONVERSION = YES;
				GCC_WARN_ABOUT_RETURN_TYPE = YES_ERROR;
				GCC_WARN_UNDECLARED_SELECTOR = YES;
				GCC_WARN_UNINITIALIZED_AUTOS = YES_AGGRESSIVE;
				GCC_WARN_UNUSED_FUNCTION = YES;
				GCC_WARN_UNUSED_VARIABLE = YES;
				IPHONEOS_DEPLOYMENT_TARGET = 15.4;
				MTL_ENABLE_DEBUG_INFO = INCLUDE_SOURCE;
				MTL_FAST_MATH = YES;
				ONLY_ACTIVE_ARCH = YES;
				SDKROOT = iphoneos;
				SWIFT_ACTIVE_COMPILATION_CONDITIONS = DEBUG;
				SWIFT_OPTIMIZATION_LEVEL = "-Onone";
			};
			name = Debug;
		};
		BBA22080280C95E30015786F /* Release */ = {
			isa = XCBuildConfiguration;
			buildSettings = {
				ALWAYS_SEARCH_USER_PATHS = NO;
				CLANG_ANALYZER_NONNULL = YES;
				CLANG_ANALYZER_NUMBER_OBJECT_CONVERSION = YES_AGGRESSIVE;
				CLANG_CXX_LANGUAGE_STANDARD = "gnu++17";
				CLANG_ENABLE_MODULES = YES;
				CLANG_ENABLE_OBJC_ARC = YES;
				CLANG_ENABLE_OBJC_WEAK = YES;
				CLANG_WARN_BLOCK_CAPTURE_AUTORELEASING = YES;
				CLANG_WARN_BOOL_CONVERSION = YES;
				CLANG_WARN_COMMA = YES;
				CLANG_WARN_CONSTANT_CONVERSION = YES;
				CLANG_WARN_DEPRECATED_OBJC_IMPLEMENTATIONS = YES;
				CLANG_WARN_DIRECT_OBJC_ISA_USAGE = YES_ERROR;
				CLANG_WARN_DOCUMENTATION_COMMENTS = YES;
				CLANG_WARN_EMPTY_BODY = YES;
				CLANG_WARN_ENUM_CONVERSION = YES;
				CLANG_WARN_INFINITE_RECURSION = YES;
				CLANG_WARN_INT_CONVERSION = YES;
				CLANG_WARN_NON_LITERAL_NULL_CONVERSION = YES;
				CLANG_WARN_OBJC_IMPLICIT_RETAIN_SELF = YES;
				CLANG_WARN_OBJC_LITERAL_CONVERSION = YES;
				CLANG_WARN_OBJC_ROOT_CLASS = YES_ERROR;
				CLANG_WARN_QUOTED_INCLUDE_IN_FRAMEWORK_HEADER = YES;
				CLANG_WARN_RANGE_LOOP_ANALYSIS = YES;
				CLANG_WARN_STRICT_PROTOTYPES = YES;
				CLANG_WARN_SUSPICIOUS_MOVE = YES;
				CLANG_WARN_UNGUARDED_AVAILABILITY = YES_AGGRESSIVE;
				CLANG_WARN_UNREACHABLE_CODE = YES;
				CLANG_WARN__DUPLICATE_METHOD_MATCH = YES;
				COPY_PHASE_STRIP = NO;
				DEBUG_INFORMATION_FORMAT = "dwarf-with-dsym";
				ENABLE_NS_ASSERTIONS = NO;
				ENABLE_STRICT_OBJC_MSGSEND = YES;
				GCC_C_LANGUAGE_STANDARD = gnu11;
				GCC_NO_COMMON_BLOCKS = YES;
				GCC_WARN_64_TO_32_BIT_CONVERSION = YES;
				GCC_WARN_ABOUT_RETURN_TYPE = YES_ERROR;
				GCC_WARN_UNDECLARED_SELECTOR = YES;
				GCC_WARN_UNINITIALIZED_AUTOS = YES_AGGRESSIVE;
				GCC_WARN_UNUSED_FUNCTION = YES;
				GCC_WARN_UNUSED_VARIABLE = YES;
				IPHONEOS_DEPLOYMENT_TARGET = 15.4;
				MTL_ENABLE_DEBUG_INFO = NO;
				MTL_FAST_MATH = YES;
				SDKROOT = iphoneos;
				SWIFT_COMPILATION_MODE = wholemodule;
				SWIFT_OPTIMIZATION_LEVEL = "-O";
				VALIDATE_PRODUCT = YES;
			};
			name = Release;
		};
		BBA22082280C95E30015786F /* Debug */ = {
			isa = XCBuildConfiguration;
			baseConfigurationReference = AB2A143CA967CFB31A1718F4 /* Pods-Armageddon.debug.xcconfig */;
			buildSettings = {
				ASSETCATALOG_COMPILER_APPICON_NAME = AppIcon;
				ASSETCATALOG_COMPILER_GLOBAL_ACCENT_COLOR_NAME = AccentColor;
				CODE_SIGN_STYLE = Automatic;
				CURRENT_PROJECT_VERSION = 1;
				DEVELOPMENT_TEAM = 4G4D5WHAZT;
				GENERATE_INFOPLIST_FILE = YES;
				INFOPLIST_FILE = Armageddon/Info.plist;
				INFOPLIST_KEY_UIApplicationSupportsIndirectInputEvents = YES;
				INFOPLIST_KEY_UILaunchStoryboardName = LaunchScreen;
				INFOPLIST_KEY_UIMainStoryboardFile = Main;
				INFOPLIST_KEY_UISupportedInterfaceOrientations_iPad = "UIInterfaceOrientationPortrait UIInterfaceOrientationPortraitUpsideDown UIInterfaceOrientationLandscapeLeft UIInterfaceOrientationLandscapeRight";
				INFOPLIST_KEY_UISupportedInterfaceOrientations_iPhone = "UIInterfaceOrientationPortrait UIInterfaceOrientationLandscapeLeft UIInterfaceOrientationLandscapeRight";
				LD_RUNPATH_SEARCH_PATHS = (
					"$(inherited)",
					"@executable_path/Frameworks",
				);
				MARKETING_VERSION = 1.0;
				PRODUCT_BUNDLE_IDENTIFIER = local.Armageddon;
				PRODUCT_NAME = "$(TARGET_NAME)";
				SWIFT_EMIT_LOC_STRINGS = YES;
				SWIFT_VERSION = 5.0;
				TARGETED_DEVICE_FAMILY = 1;
			};
			name = Debug;
		};
		BBA22083280C95E30015786F /* Release */ = {
			isa = XCBuildConfiguration;
			baseConfigurationReference = 0486D8C1FC5431419B4F2377 /* Pods-Armageddon.release.xcconfig */;
			buildSettings = {
				ASSETCATALOG_COMPILER_APPICON_NAME = AppIcon;
				ASSETCATALOG_COMPILER_GLOBAL_ACCENT_COLOR_NAME = AccentColor;
				CODE_SIGN_STYLE = Automatic;
				CURRENT_PROJECT_VERSION = 1;
				DEVELOPMENT_TEAM = 4G4D5WHAZT;
				GENERATE_INFOPLIST_FILE = YES;
				INFOPLIST_FILE = Armageddon/Info.plist;
				INFOPLIST_KEY_UIApplicationSupportsIndirectInputEvents = YES;
				INFOPLIST_KEY_UILaunchStoryboardName = LaunchScreen;
				INFOPLIST_KEY_UIMainStoryboardFile = Main;
				INFOPLIST_KEY_UISupportedInterfaceOrientations_iPad = "UIInterfaceOrientationPortrait UIInterfaceOrientationPortraitUpsideDown UIInterfaceOrientationLandscapeLeft UIInterfaceOrientationLandscapeRight";
				INFOPLIST_KEY_UISupportedInterfaceOrientations_iPhone = "UIInterfaceOrientationPortrait UIInterfaceOrientationLandscapeLeft UIInterfaceOrientationLandscapeRight";
				LD_RUNPATH_SEARCH_PATHS = (
					"$(inherited)",
					"@executable_path/Frameworks",
				);
				MARKETING_VERSION = 1.0;
				PRODUCT_BUNDLE_IDENTIFIER = local.Armageddon;
				PRODUCT_NAME = "$(TARGET_NAME)";
				SWIFT_EMIT_LOC_STRINGS = YES;
				SWIFT_VERSION = 5.0;
				TARGETED_DEVICE_FAMILY = 1;
			};
			name = Release;
		};
/* End XCBuildConfiguration section */

/* Begin XCConfigurationList section */
		BBA22068280C95E00015786F /* Build configuration list for PBXProject "Armageddon" */ = {
			isa = XCConfigurationList;
			buildConfigurations = (
				BBA2207F280C95E30015786F /* Debug */,
				BBA22080280C95E30015786F /* Release */,
			);
			defaultConfigurationIsVisible = 0;
			defaultConfigurationName = Release;
		};
		BBA22081280C95E30015786F /* Build configuration list for PBXNativeTarget "Armageddon" */ = {
			isa = XCConfigurationList;
			buildConfigurations = (
				BBA22082280C95E30015786F /* Debug */,
				BBA22083280C95E30015786F /* Release */,
			);
			defaultConfigurationIsVisible = 0;
			defaultConfigurationName = Release;
		};
/* End XCConfigurationList section */
	};
	rootObject = BBA22065280C95E00015786F /* Project object */;
}
